// !$*UTF8*$!
{
	archiveVersion = 1;
	classes = {
	};
	objectVersion = 50;
	objects = {

/* Begin PBXBuildFile section */
		FC8EB39726DECC7F00A094D6 /* AppDelegate.swift in Sources */ = {isa = PBXBuildFile; fileRef = FC8EB39626DECC7F00A094D6 /* AppDelegate.swift */; };
		FC8EB39926DECC7F00A094D6 /* SceneDelegate.swift in Sources */ = {isa = PBXBuildFile; fileRef = FC8EB39826DECC7F00A094D6 /* SceneDelegate.swift */; };
		FC8EB39B26DECC7F00A094D6 /* ViewController.swift in Sources */ = {isa = PBXBuildFile; fileRef = FC8EB39A26DECC7F00A094D6 /* ViewController.swift */; };
		FC8EB39E26DECC7F00A094D6 /* Main.storyboard in Resources */ = {isa = PBXBuildFile; fileRef = FC8EB39C26DECC7F00A094D6 /* Main.storyboard */; };
		FC8EB3A026DECC8000A094D6 /* Assets.xcassets in Resources */ = {isa = PBXBuildFile; fileRef = FC8EB39F26DECC8000A094D6 /* Assets.xcassets */; };
		FC8EB3A326DECC8000A094D6 /* LaunchScreen.storyboard in Resources */ = {isa = PBXBuildFile; fileRef = FC8EB3A126DECC8000A094D6 /* LaunchScreen.storyboard */; };
/* End PBXBuildFile section */

/* Begin PBXFileReference section */
		FC8EB39326DECC7F00A094D6 /* SFSU-Irene-Jiang.app */ = {isa = PBXFileReference; explicitFileType = wrapper.application; includeInIndex = 0; path = "SFSU-Irene-Jiang.app"; sourceTree = BUILT_PRODUCTS_DIR; };
		FC8EB39626DECC7F00A094D6 /* AppDelegate.swift */ = {isa = PBXFileReference; lastKnownFileType = sourcecode.swift; path = AppDelegate.swift; sourceTree = "<group>"; };
		FC8EB39826DECC7F00A094D6 /* SceneDelegate.swift */ = {isa = PBXFileReference; lastKnownFileType = sourcecode.swift; path = SceneDelegate.swift; sourceTree = "<group>"; };
		FC8EB39A26DECC7F00A094D6 /* ViewController.swift */ = {isa = PBXFileReference; lastKnownFileType = sourcecode.swift; path = ViewController.swift; sourceTree = "<group>"; };
		FC8EB39D26DECC7F00A094D6 /* Base */ = {isa = PBXFileReference; lastKnownFileType = file.storyboard; name = Base; path = Base.lproj/Main.storyboard; sourceTree = "<group>"; };
		FC8EB39F26DECC8000A094D6 /* Assets.xcassets */ = {isa = PBXFileReference; lastKnownFileType = folder.assetcatalog; path = Assets.xcassets; sourceTree = "<group>"; };
		FC8EB3A226DECC8000A094D6 /* Base */ = {isa = PBXFileReference; lastKnownFileType = file.storyboard; name = Base; path = Base.lproj/LaunchScreen.storyboard; sourceTree = "<group>"; };
		FC8EB3A426DECC8000A094D6 /* Info.plist */ = {isa = PBXFileReference; lastKnownFileType = text.plist.xml; path = Info.plist; sourceTree = "<group>"; };
/* End PBXFileReference section */

/* Begin PBXFrameworksBuildPhase section */
		FC8EB39026DECC7F00A094D6 /* Frameworks */ = {
			isa = PBXFrameworksBuildPhase;
			buildActionMask = 2147483647;
			files = (
			);
			runOnlyForDeploymentPostprocessing = 0;
		};
/* End PBXFrameworksBuildPhase section */

/* Begin PBXGroup section */
		FC8EB38A26DECC7F00A094D6 = {
			isa = PBXGroup;
			children = (
				FC8EB39526DECC7F00A094D6 /* SFSU-Irene-Jiang */,
				FC8EB39426DECC7F00A094D6 /* Products */,
			);
			sourceTree = "<group>";
		};
		FC8EB39426DECC7F00A094D6 /* Products */ = {
			isa = PBXGroup;
			children = (
				FC8EB39326DECC7F00A094D6 /* SFSU-Irene-Jiang.app */,
			);
			name = Products;
			sourceTree = "<group>";
		};
		FC8EB39526DECC7F00A094D6 /* SFSU-Irene-Jiang */ = {
			isa = PBXGroup;
			children = (
				FC8EB39626DECC7F00A094D6 /* AppDelegate.swift */,
				FC8EB39826DECC7F00A094D6 /* SceneDelegate.swift */,
				FC8EB39A26DECC7F00A094D6 /* ViewController.swift */,
				FC8EB39C26DECC7F00A094D6 /* Main.storyboard */,
				FC8EB39F26DECC8000A094D6 /* Assets.xcassets */,
				FC8EB3A126DECC8000A094D6 /* LaunchScreen.storyboard */,
				FC8EB3A426DECC8000A094D6 /* Info.plist */,
			);
			path = "SFSU-Irene-Jiang";
			sourceTree = "<group>";
		};
/* End PBXGroup section */

/* Begin PBXNativeTarget section */
		FC8EB39226DECC7F00A094D6 /* SFSU-Irene-Jiang */ = {
			isa = PBXNativeTarget;
			buildConfigurationList = FC8EB3A726DECC8000A094D6 /* Build configuration list for PBXNativeTarget "SFSU-Irene-Jiang" */;
			buildPhases = (
				FC8EB38F26DECC7F00A094D6 /* Sources */,
				FC8EB39026DECC7F00A094D6 /* Frameworks */,
				FC8EB39126DECC7F00A094D6 /* Resources */,
			);
			buildRules = (
			);
			dependencies = (
			);
			name = "SFSU-Irene-Jiang";
			productName = "SFSU-Irene-Jiang";
			productReference = FC8EB39326DECC7F00A094D6 /* SFSU-Irene-Jiang.app */;
			productType = "com.apple.product-type.application";
		};
/* End PBXNativeTarget section */

/* Begin PBXProject section */
		FC8EB38B26DECC7F00A094D6 /* Project object */ = {
			isa = PBXProject;
			attributes = {
				LastSwiftUpdateCheck = 1130;
				LastUpgradeCheck = 1130;
				ORGANIZATIONNAME = "Irene J";
				TargetAttributes = {
					FC8EB39226DECC7F00A094D6 = {
						CreatedOnToolsVersion = 11.3.1;
					};
				};
			};
			buildConfigurationList = FC8EB38E26DECC7F00A094D6 /* Build configuration list for PBXProject "SFSU-Irene-Jiang" */;
			compatibilityVersion = "Xcode 9.3";
			developmentRegion = en;
			hasScannedForEncodings = 0;
			knownRegions = (
				en,
				Base,
			);
			mainGroup = FC8EB38A26DECC7F00A094D6;
			productRefGroup = FC8EB39426DECC7F00A094D6 /* Products */;
			projectDirPath = "";
			projectRoot = "";
			targets = (
				FC8EB39226DECC7F00A094D6 /* SFSU-Irene-Jiang */,
			);
		};
/* End PBXProject section */

/* Begin PBXResourcesBuildPhase section */
		FC8EB39126DECC7F00A094D6 /* Resources */ = {
			isa = PBXResourcesBuildPhase;
			buildActionMask = 2147483647;
			files = (
				FC8EB3A326DECC8000A094D6 /* LaunchScreen.storyboard in Resources */,
				FC8EB3A026DECC8000A094D6 /* Assets.xcassets in Resources */,
				FC8EB39E26DECC7F00A094D6 /* Main.storyboard in Resources */,
			);
			runOnlyForDeploymentPostprocessing = 0;
		};
/* End PBXResourcesBuildPhase section */

/* Begin PBXSourcesBuildPhase section */
		FC8EB38F26DECC7F00A094D6 /* Sources */ = {
			isa = PBXSourcesBuildPhase;
			buildActionMask = 2147483647;
			files = (
				FC8EB39B26DECC7F00A094D6 /* ViewController.swift in Sources */,
				FC8EB39726DECC7F00A094D6 /* AppDelegate.swift in Sources */,
				FC8EB39926DECC7F00A094D6 /* SceneDelegate.swift in Sources */,
			);
			runOnlyForDeploymentPostprocessing = 0;
		};
/* End PBXSourcesBuildPhase section */

/* Begin PBXVariantGroup section */
		FC8EB39C26DECC7F00A094D6 /* Main.storyboard */ = {
			isa = PBXVariantGroup;
			children = (
				FC8EB39D26DECC7F00A094D6 /* Base */,
			);
			name = Main.storyboard;
			sourceTree = "<group>";
		};
		FC8EB3A126DECC8000A094D6 /* LaunchScreen.storyboard */ = {
			isa = PBXVariantGroup;
			children = (
				FC8EB3A226DECC8000A094D6 /* Base */,
			);
			name = LaunchScreen.storyboard;
			sourceTree = "<group>";
		};
/* End PBXVariantGroup section */

/* Begin XCBuildConfiguration section */
		FC8EB3A526DECC8000A094D6 /* Debug */ = {
			isa = XCBuildConfiguration;
			buildSettings = {
				ALWAYS_SEARCH_USER_PATHS = NO;
				CLANG_ANALYZER_NONNULL = YES;
				CLANG_ANALYZER_NUMBER_OBJECT_CONVERSION = YES_AGGRESSIVE;
				CLANG_CXX_LANGUAGE_STANDARD = "gnu++14";
				CLANG_CXX_LIBRARY = "libc++";
				CLANG_ENABLE_MODULES = YES;
				CLANG_ENABLE_OBJC_ARC = YES;
				CLANG_ENABLE_OBJC_WEAK = YES;
				CLANG_WARN_BLOCK_CAPTURE_AUTORELEASING = YES;
				CLANG_WARN_BOOL_CONVERSION = YES;
				CLANG_WARN_COMMA = YES;
				CLANG_WARN_CONSTANT_CONVERSION = YES;
				CLANG_WARN_DEPRECATED_OBJC_IMPLEMENTATIONS = YES;
				CLANG_WARN_DIRECT_OBJC_ISA_USAGE = YES_ERROR;
				CLANG_WARN_DOCUMENTATION_COMMENTS = YES;
				CLANG_WARN_EMPTY_BODY = YES;
				CLANG_WARN_ENUM_CONVERSION = YES;
				CLANG_WARN_INFINITE_RECURSION = YES;
				CLANG_WARN_INT_CONVERSION = YES;
				CLANG_WARN_NON_LITERAL_NULL_CONVERSION = YES;
				CLANG_WARN_OBJC_IMPLICIT_RETAIN_SELF = YES;
				CLANG_WARN_OBJC_LITERAL_CONVERSION = YES;
				CLANG_WARN_OBJC_ROOT_CLASS = YES_ERROR;
				CLANG_WARN_RANGE_LOOP_ANALYSIS = YES;
				CLANG_WARN_STRICT_PROTOTYPES = YES;
				CLANG_WARN_SUSPICIOUS_MOVE = YES;
				CLANG_WARN_UNGUARDED_AVAILABILITY = YES_AGGRESSIVE;
				CLANG_WARN_UNREACHABLE_CODE = YES;
				CLANG_WARN__DUPLICATE_METHOD_MATCH = YES;
				COPY_PHASE_STRIP = NO;
				DEBUG_INFORMATION_FORMAT = dwarf;
				ENABLE_STRICT_OBJC_MSGSEND = YES;
				ENABLE_TESTABILITY = YES;
				GCC_C_LANGUAGE_STANDARD = gnu11;
				GCC_DYNAMIC_NO_PIC = NO;
				GCC_NO_COMMON_BLOCKS = YES;
				GCC_OPTIMIZATION_LEVEL = 0;
				GCC_PREPROCESSOR_DEFINITIONS = (
					"DEBUG=1",
					"$(inherited)",
				);
				GCC_WARN_64_TO_32_BIT_CONVERSION = YES;
				GCC_WARN_ABOUT_RETURN_TYPE = YES_ERROR;
				GCC_WARN_UNDECLARED_SELECTOR = YES;
				GCC_WARN_UNINITIALIZED_AUTOS = YES_AGGRESSIVE;
				GCC_WARN_UNUSED_FUNCTION = YES;
				GCC_WARN_UNUSED_VARIABLE = YES;
				IPHONEOS_DEPLOYMENT_TARGET = 13.2;
				MTL_ENABLE_DEBUG_INFO = INCLUDE_SOURCE;
				MTL_FAST_MATH = YES;
				ONLY_ACTIVE_ARCH = YES;
				SDKROOT = iphoneos;
				SWIFT_ACTIVE_COMPILATION_CONDITIONS = DEBUG;
				SWIFT_OPTIMIZATION_LEVEL = "-Onone";
			};
			name = Debug;
		};
		FC8EB3A626DECC8000A094D6 /* Release */ = {
			isa = XCBuildConfiguration;
			buildSettings = {
				ALWAYS_SEARCH_USER_PATHS = NO;
				CLANG_ANALYZER_NONNULL = YES;
				CLANG_ANALYZER_NUMBER_OBJECT_CONVERSION = YES_AGGRESSIVE;
				CLANG_CXX_LANGUAGE_STANDARD = "gnu++14";
				CLANG_CXX_LIBRARY = "libc++";
				CLANG_ENABLE_MODULES = YES;
				CLANG_ENABLE_OBJC_ARC = YES;
				CLANG_ENABLE_OBJC_WEAK = YES;
				CLANG_WARN_BLOCK_CAPTURE_AUTORELEASING = YES;
				CLANG_WARN_BOOL_CONVERSION = YES;
				CLANG_WARN_COMMA = YES;
				CLANG_WARN_CONSTANT_CONVERSION = YES;
				CLANG_WARN_DEPRECATED_OBJC_IMPLEMENTATIONS = YES;
				CLANG_WARN_DIRECT_OBJC_ISA_USAGE = YES_ERROR;
				CLANG_WARN_DOCUMENTATION_COMMENTS = YES;
				CLANG_WARN_EMPTY_BODY = YES;
				CLANG_WARN_ENUM_CONVERSION = YES;
				CLANG_WARN_INFINITE_RECURSION = YES;
				CLANG_WARN_INT_CONVERSION = YES;
				CLANG_WARN_NON_LITERAL_NULL_CONVERSION = YES;
				CLANG_WARN_OBJC_IMPLICIT_RETAIN_SELF = YES;
				CLANG_WARN_OBJC_LITERAL_CONVERSION = YES;
				CLANG_WARN_OBJC_ROOT_CLASS = YES_ERROR;
				CLANG_WARN_RANGE_LOOP_ANALYSIS = YES;
				CLANG_WARN_STRICT_PROTOTYPES = YES;
				CLANG_WARN_SUSPICIOUS_MOVE = YES;
				CLANG_WARN_UNGUARDED_AVAILABILITY = YES_AGGRESSIVE;
				CLANG_WARN_UNREACHABLE_CODE = YES;
				CLANG_WARN__DUPLICATE_METHOD_MATCH = YES;
				COPY_PHASE_STRIP = NO;
				DEBUG_INFORMATION_FORMAT = "dwarf-with-dsym";
				ENABLE_NS_ASSERTIONS = NO;
				ENABLE_STRICT_OBJC_MSGSEND = YES;
				GCC_C_LANGUAGE_STANDARD = gnu11;
				GCC_NO_COMMON_BLOCKS = YES;
				GCC_WARN_64_TO_32_BIT_CONVERSION = YES;
				GCC_WARN_ABOUT_RETURN_TYPE = YES_ERROR;
				GCC_WARN_UNDECLARED_SELECTOR = YES;
				GCC_WARN_UNINITIALIZED_AUTOS = YES_AGGRESSIVE;
				GCC_WARN_UNUSED_FUNCTION = YES;
				GCC_WARN_UNUSED_VARIABLE = YES;
				IPHONEOS_DEPLOYMENT_TARGET = 13.2;
				MTL_ENABLE_DEBUG_INFO = NO;
				MTL_FAST_MATH = YES;
				SDKROOT = iphoneos;
				SWIFT_COMPILATION_MODE = wholemodule;
				SWIFT_OPTIMIZATION_LEVEL = "-O";
				VALIDATE_PRODUCT = YES;
			};
			name = Release;
		};
		FC8EB3A826DECC8000A094D6 /* Debug */ = {
			isa = XCBuildConfiguration;
			buildSettings = {
				ASSETCATALOG_COMPILER_APPICON_NAME = AppIcon;
				CODE_SIGN_STYLE = Automatic;
				DEVELOPMENT_TEAM = 8U5J82Q2FD;
				INFOPLIST_FILE = "SFSU-Irene-Jiang/Info.plist";
				LD_RUNPATH_SEARCH_PATHS = (
					"$(inherited)",
					"@executable_path/Frameworks",
				);
				PRODUCT_BUNDLE_IDENTIFIER = "com-irenejiang.SFSU-Irene-Jiang";
				PRODUCT_NAME = "$(TARGET_NAME)";
				SWIFT_VERSION = 5.0;
				TARGETED_DEVICE_FAMILY = "1,2";
			};
			name = Debug;
		};
		FC8EB3A926DECC8000A094D6 /* Release */ = {
			isa = XCBuildConfiguration;
			buildSettings = {
				ASSETCATALOG_COMPILER_APPICON_NAME = AppIcon;
				CODE_SIGN_STYLE = Automatic;
				DEVELOPMENT_TEAM = 8U5J82Q2FD;
				INFOPLIST_FILE = "SFSU-Irene-Jiang/Info.plist";
				LD_RUNPATH_SEARCH_PATHS = (
					"$(inherited)",
					"@executable_path/Frameworks",
				);
				PRODUCT_BUNDLE_IDENTIFIER = "com-irenejiang.SFSU-Irene-Jiang";
				PRODUCT_NAME = "$(TARGET_NAME)";
				SWIFT_VERSION = 5.0;
				TARGETED_DEVICE_FAMILY = "1,2";
			};
			name = Release;
		};
/* End XCBuildConfiguration section */

/* Begin XCConfigurationList section */
		FC8EB38E26DECC7F00A094D6 /* Build configuration list for PBXProject "SFSU-Irene-Jiang" */ = {
			isa = XCConfigurationList;
			buildConfigurations = (
				FC8EB3A526DECC8000A094D6 /* Debug */,
				FC8EB3A626DECC8000A094D6 /* Release */,
			);
			defaultConfigurationIsVisible = 0;
			defaultConfigurationName = Release;
		};
		FC8EB3A726DECC8000A094D6 /* Build configuration list for PBXNativeTarget "SFSU-Irene-Jiang" */ = {
			isa = XCConfigurationList;
			buildConfigurations = (
				FC8EB3A826DECC8000A094D6 /* Debug */,
				FC8EB3A926DECC8000A094D6 /* Release */,
			);
			defaultConfigurationIsVisible = 0;
			defaultConfigurationName = Release;
		};
/* End XCConfigurationList section */
	};
	rootObject = FC8EB38B26DECC7F00A094D6 /* Project object */;
}
